
Microsoft Visual Studio Solution File, Format Version 12.00
# Visual Studio Version 17
VisualStudioVersion = 17.4.33122.133
MinimumVisualStudioVersion = 10.0.40219.1
Project("{FAE04EC0-301F-11D3-BF4B-00C04F79EFBC}") = "the key - technology GmbH", "the key - technology GmbH\the key - technology GmbH.csproj", "{174B0108-3783-4A43-96B5-32428694C89F}"
EndProject
Global
	GlobalSection(SolutionConfigurationPlatforms) = preSolution
		Debug|Any CPU = Debug|Any CPU
		Release|Any CPU = Release|Any CPU
	EndGlobalSection
	GlobalSection(ProjectConfigurationPlatforms) = postSolution
		{174B0108-3783-4A43-96B5-32428694C89F}.Debug|Any CPU.ActiveCfg = Debug|Any CPU
		{174B0108-3783-4A43-96B5-32428694C89F}.Debug|Any CPU.Build.0 = Debug|Any CPU
		{174B0108-3783-4A43-96B5-32428694C89F}.Release|Any CPU.ActiveCfg = Release|Any CPU
		{174B0108-3783-4A43-96B5-32428694C89F}.Release|Any CPU.Build.0 = Release|Any CPU
	EndGlobalSection
	GlobalSection(SolutionProperties) = preSolution
		HideSolutionNode = FALSE
	EndGlobalSection
	GlobalSection(ExtensibilityGlobals) = postSolution
		SolutionGuid = {9851C0FA-1E81-46BE-B2C8-8A84550EC62B}
	EndGlobalSection
EndGlobal
